
Microsoft Visual Studio Solution File, Format Version 12.00
# Visual Studio Version 17
VisualStudioVersion = 17.4.33213.308
MinimumVisualStudioVersion = 10.0.40219.1
Project("{FAE04EC0-301F-11D3-BF4B-00C04F79EFBC}") = "Ejercicio1-CursoNET", "Ejercicio1-Curso .NET\Ejercicio1-CursoNET.csproj", "{A2AE6BDE-6F7B-4251-951D-7E33F5D05788}"
EndProject
Global
	GlobalSection(SolutionConfigurationPlatforms) = preSolution
		Debug|Any CPU = Debug|Any CPU
		Release|Any CPU = Release|Any CPU
	EndGlobalSection
	GlobalSection(ProjectConfigurationPlatforms) = postSolution
		{A2AE6BDE-6F7B-4251-951D-7E33F5D05788}.Debug|Any CPU.ActiveCfg = Debug|Any CPU
		{A2AE6BDE-6F7B-4251-951D-7E33F5D05788}.Debug|Any CPU.Build.0 = Debug|Any CPU
		{A2AE6BDE-6F7B-4251-951D-7E33F5D05788}.Release|Any CPU.ActiveCfg = Release|Any CPU
		{A2AE6BDE-6F7B-4251-951D-7E33F5D05788}.Release|Any CPU.Build.0 = Release|Any CPU
	EndGlobalSection
	GlobalSection(SolutionProperties) = preSolution
		HideSolutionNode = FALSE
	EndGlobalSection
	GlobalSection(ExtensibilityGlobals) = postSolution
		SolutionGuid = {85B0BCCA-454E-4328-9E6E-23007D6AEDD1}
	EndGlobalSection
EndGlobal
